
Microsoft Visual Studio Solution File, Format Version 12.00
# Visual Studio Version 17
VisualStudioVersion = 17.2.32630.192
MinimumVisualStudioVersion = 10.0.40219.1
Project("{2150E333-8FDC-42A3-9474-1A3956D46DE8}") = "Workshop.Items", "Workshop.Items", "{8DDFF7E0-DE77-4207-BC76-CB30D6CD8657}"
EndProject
Project("{2150E333-8FDC-42A3-9474-1A3956D46DE8}") = "Workshop.Transactions", "Workshop.Transactions", "{A9F2271D-9B9D-4CF3-B49C-F572F59AAA35}"
EndProject
Project("{2150E333-8FDC-42A3-9474-1A3956D46DE8}") = "Workshop.ConfirmTransactions", "Workshop.ConfirmTransactions", "{7F572228-D2F9-478B-B067-22587F337255}"
EndProject
Project("{2150E333-8FDC-42A3-9474-1A3956D46DE8}") = "Workshop.Users", "Workshop.Users", "{F806D1DC-C019-43A2-B923-E632873D3409}"
EndProject
Project("{9A19103F-16F7-4668-BE54-9A1E7A4F7556}") = "ConfirmTransactions.Microservice", "Workshop.ConfirmTransactions\ConfirmTransactions.Microservice\ConfirmTransactions.Microservice.csproj", "{75C0CC43-D8B5-4AF4-8E54-77FEC3BC3853}"
EndProject
Project("{E53339B2-1760-4266-BCC7-CA923CBCF16C}") = "docker-compose", "docker-compose.dcproj", "{8969D334-CC11-464A-87FB-45C3956742DD}"
EndProject
Project("{9A19103F-16F7-4668-BE54-9A1E7A4F7556}") = "Items.Microservice", "Workshop.Items\Items.Microservice\Items.Microservice.csproj", "{E7A2DB16-FAB1-4F54-BDEC-41165EC6F158}"
EndProject
Project("{9A19103F-16F7-4668-BE54-9A1E7A4F7556}") = "Transactions.Microservice", "Workshop.Transactions\Transactions.Microservice\Transactions.Microservice.csproj", "{04AF14F3-C24F-4838-8924-6A8199D3EA60}"
EndProject
Project("{9A19103F-16F7-4668-BE54-9A1E7A4F7556}") = "Users.Microservice", "Workshop.Users\Users.Microservice\Users.Microservice.csproj", "{580A180F-0FB8-4EE5-ABC8-6E933C197D15}"
EndProject
Project("{2150E333-8FDC-42A3-9474-1A3956D46DE8}") = "Database", "Database", "{4ECCA218-DEB5-45D1-9B4C-FE328629E911}"
	ProjectSection(SolutionItems) = preProject
		Workshop.Items\Database\Create-workshop-items-db.sql = Workshop.Items\Database\Create-workshop-items-db.sql
		Workshop.Items\Database\Fill-data.sql = Workshop.Items\Database\Fill-data.sql
	EndProjectSection
EndProject
Project("{2150E333-8FDC-42A3-9474-1A3956D46DE8}") = "Database", "Database", "{554A01D8-0E57-4EB7-BACD-FC2FC7C89ABF}"
	ProjectSection(SolutionItems) = preProject
		Workshop.Transactions\Database\Create-workshop-transactions-db.sql = Workshop.Transactions\Database\Create-workshop-transactions-db.sql
	EndProjectSection
EndProject
Project("{2150E333-8FDC-42A3-9474-1A3956D46DE8}") = "Database", "Database", "{9AFDC52B-5ABC-4687-9992-C6CBD04B0A6F}"
	ProjectSection(SolutionItems) = preProject
		Workshop.Users\Database\Create-workshop-users-db.sql = Workshop.Users\Database\Create-workshop-users-db.sql
		Workshop.Users\Database\Fill-data.sql = Workshop.Users\Database\Fill-data.sql
	EndProjectSection
EndProject
Project("{2150E333-8FDC-42A3-9474-1A3956D46DE8}") = "Workshop.Identity", "Workshop.Identity", "{04ED3A53-F7B2-4FF0-AA0E-FD1BB354372A}"
EndProject
Project("{9A19103F-16F7-4668-BE54-9A1E7A4F7556}") = "Identity.Microservice", "Workshop.Identity\Identity.Microservice\Identity.Microservice.csproj", "{EF52DC11-00EB-49A2-BF6C-BDCC3A10D29F}"
EndProject
Project("{2150E333-8FDC-42A3-9474-1A3956D46DE8}") = "Workshop.WebApplication", "Workshop.WebApplication", "{7BD40C68-B5AA-49F9-AABC-7E751716F136}"
EndProject
Project("{9A19103F-16F7-4668-BE54-9A1E7A4F7556}") = "Client", "Workshop.WebApplication\Client\Client.csproj", "{91D2C798-7B83-4650-8CFE-7B7EC9C27216}"
EndProject
Project("{FAE04EC0-301F-11D3-BF4B-00C04F79EFBC}") = "Workshop.Shared", "Workshop.Shared\Workshop.Shared.csproj", "{8A5C84C4-6F4A-46B8-A5AD-0483D89BA328}"
EndProject
Global
	GlobalSection(SolutionConfigurationPlatforms) = preSolution
		Debug|Any CPU = Debug|Any CPU
		Release|Any CPU = Release|Any CPU
	EndGlobalSection
	GlobalSection(ProjectConfigurationPlatforms) = postSolution
		{75C0CC43-D8B5-4AF4-8E54-77FEC3BC3853}.Debug|Any CPU.ActiveCfg = Debug|Any CPU
		{75C0CC43-D8B5-4AF4-8E54-77FEC3BC3853}.Debug|Any CPU.Build.0 = Debug|Any CPU
		{75C0CC43-D8B5-4AF4-8E54-77FEC3BC3853}.Release|Any CPU.ActiveCfg = Release|Any CPU
		{75C0CC43-D8B5-4AF4-8E54-77FEC3BC3853}.Release|Any CPU.Build.0 = Release|Any CPU
		{8969D334-CC11-464A-87FB-45C3956742DD}.Debug|Any CPU.ActiveCfg = Debug|Any CPU
		{8969D334-CC11-464A-87FB-45C3956742DD}.Debug|Any CPU.Build.0 = Debug|Any CPU
		{8969D334-CC11-464A-87FB-45C3956742DD}.Release|Any CPU.ActiveCfg = Release|Any CPU
		{8969D334-CC11-464A-87FB-45C3956742DD}.Release|Any CPU.Build.0 = Release|Any CPU
		{E7A2DB16-FAB1-4F54-BDEC-41165EC6F158}.Debug|Any CPU.ActiveCfg = Debug|Any CPU
		{E7A2DB16-FAB1-4F54-BDEC-41165EC6F158}.Debug|Any CPU.Build.0 = Debug|Any CPU
		{E7A2DB16-FAB1-4F54-BDEC-41165EC6F158}.Release|Any CPU.ActiveCfg = Release|Any CPU
		{E7A2DB16-FAB1-4F54-BDEC-41165EC6F158}.Release|Any CPU.Build.0 = Release|Any CPU
		{04AF14F3-C24F-4838-8924-6A8199D3EA60}.Debug|Any CPU.ActiveCfg = Debug|Any CPU
		{04AF14F3-C24F-4838-8924-6A8199D3EA60}.Debug|Any CPU.Build.0 = Debug|Any CPU
		{04AF14F3-C24F-4838-8924-6A8199D3EA60}.Release|Any CPU.ActiveCfg = Release|Any CPU
		{04AF14F3-C24F-4838-8924-6A8199D3EA60}.Release|Any CPU.Build.0 = Release|Any CPU
		{580A180F-0FB8-4EE5-ABC8-6E933C197D15}.Debug|Any CPU.ActiveCfg = Debug|Any CPU
		{580A180F-0FB8-4EE5-ABC8-6E933C197D15}.Debug|Any CPU.Build.0 = Debug|Any CPU
		{580A180F-0FB8-4EE5-ABC8-6E933C197D15}.Release|Any CPU.ActiveCfg = Release|Any CPU
		{580A180F-0FB8-4EE5-ABC8-6E933C197D15}.Release|Any CPU.Build.0 = Release|Any CPU
		{EF52DC11-00EB-49A2-BF6C-BDCC3A10D29F}.Debug|Any CPU.ActiveCfg = Debug|Any CPU
		{EF52DC11-00EB-49A2-BF6C-BDCC3A10D29F}.Debug|Any CPU.Build.0 = Debug|Any CPU
		{EF52DC11-00EB-49A2-BF6C-BDCC3A10D29F}.Release|Any CPU.ActiveCfg = Release|Any CPU
		{EF52DC11-00EB-49A2-BF6C-BDCC3A10D29F}.Release|Any CPU.Build.0 = Release|Any CPU
		{91D2C798-7B83-4650-8CFE-7B7EC9C27216}.Debug|Any CPU.ActiveCfg = Debug|Any CPU
		{91D2C798-7B83-4650-8CFE-7B7EC9C27216}.Debug|Any CPU.Build.0 = Debug|Any CPU
		{91D2C798-7B83-4650-8CFE-7B7EC9C27216}.Release|Any CPU.ActiveCfg = Release|Any CPU
		{91D2C798-7B83-4650-8CFE-7B7EC9C27216}.Release|Any CPU.Build.0 = Release|Any CPU
		{8A5C84C4-6F4A-46B8-A5AD-0483D89BA328}.Debug|Any CPU.ActiveCfg = Debug|Any CPU
		{8A5C84C4-6F4A-46B8-A5AD-0483D89BA328}.Debug|Any CPU.Build.0 = Debug|Any CPU
		{8A5C84C4-6F4A-46B8-A5AD-0483D89BA328}.Release|Any CPU.ActiveCfg = Release|Any CPU
		{8A5C84C4-6F4A-46B8-A5AD-0483D89BA328}.Release|Any CPU.Build.0 = Release|Any CPU
	EndGlobalSection
	GlobalSection(SolutionProperties) = preSolution
		HideSolutionNode = FALSE
	EndGlobalSection
	GlobalSection(NestedProjects) = preSolution
		{75C0CC43-D8B5-4AF4-8E54-77FEC3BC3853} = {7F572228-D2F9-478B-B067-22587F337255}
		{E7A2DB16-FAB1-4F54-BDEC-41165EC6F158} = {8DDFF7E0-DE77-4207-BC76-CB30D6CD8657}
		{04AF14F3-C24F-4838-8924-6A8199D3EA60} = {A9F2271D-9B9D-4CF3-B49C-F572F59AAA35}
		{580A180F-0FB8-4EE5-ABC8-6E933C197D15} = {F806D1DC-C019-43A2-B923-E632873D3409}
		{4ECCA218-DEB5-45D1-9B4C-FE328629E911} = {8DDFF7E0-DE77-4207-BC76-CB30D6CD8657}
		{554A01D8-0E57-4EB7-BACD-FC2FC7C89ABF} = {A9F2271D-9B9D-4CF3-B49C-F572F59AAA35}
		{9AFDC52B-5ABC-4687-9992-C6CBD04B0A6F} = {F806D1DC-C019-43A2-B923-E632873D3409}
		{EF52DC11-00EB-49A2-BF6C-BDCC3A10D29F} = {04ED3A53-F7B2-4FF0-AA0E-FD1BB354372A}
		{91D2C798-7B83-4650-8CFE-7B7EC9C27216} = {7BD40C68-B5AA-49F9-AABC-7E751716F136}
	EndGlobalSection
	GlobalSection(ExtensibilityGlobals) = postSolution
		SolutionGuid = {174FCF9E-16AA-4CF7-85A1-9C9599C93740}
	EndGlobalSection
EndGlobal
